// !$*UTF8*$!
{
	archiveVersion = 1;
	classes = {
	};
	objectVersion = 77;
	objects = {

/* Begin PBXBuildFile section */
		A10000000000000000000001 /* Guide01SDK in Frameworks */ = {isa = PBXBuildFile; productRef = A10000000000000000000004 /* Guide01SDK */; };
/* End PBXBuildFile section */

/* Begin PBXContainerItemProxy section */
		9C9017F430280AC900C425F3 /* PBXContainerItemProxy */ = {
			isa = PBXContainerItemProxy;
			containerPortal = 9C9017DE30280AC800C425F3 /* Project object */;
			proxyType = 1;
			remoteGlobalIDString = 9C9017E530280AC900C425F3;
			remoteInfo = GhostPoster;
		};
		9C9017FE30280AC900C425F3 /* PBXContainerItemProxy */ = {
			isa = PBXContainerItemProxy;
			containerPortal = 9C9017DE30280AC800C425F3 /* Project object */;
			proxyType = 1;
			remoteGlobalIDString = 9C9017E530280AC900C425F3;
			remoteInfo = GhostPoster;
		};
/* End PBXContainerItemProxy section */

/* Begin PBXFileReference section */
		9C9017E630280AC900C425F3 /* GhostPoster.app */ = {isa = PBXFileReference; explicitFileType = wrapper.application; includeInIndex = 0; path = GhostPoster.app; sourceTree = BUILT_PRODUCTS_DIR; };
		9C9017F330280AC900C425F3 /* GhostPosterTests.xctest */ = {isa = PBXFileReference; explicitFileType = wrapper.cfbundle; includeInIndex = 0; path = GhostPosterTests.xctest; sourceTree = BUILT_PRODUCTS_DIR; };
		9C9017FD30280AC900C425F3 /* GhostPosterUITests.xctest */ = {isa = PBXFileReference; explicitFileType = wrapper.cfbundle; includeInIndex = 0; path = GhostPosterUITests.xctest; sourceTree = BUILT_PRODUCTS_DIR; };
/* End PBXFileReference section */

/* Begin PBXFileSystemSynchronizedRootGroup section */
		9C9017E830280AC900C425F3 /* GhostPoster */ = {
			isa = PBXFileSystemSynchronizedRootGroup;
			path = GhostPoster;
			sourceTree = "<group>";
		};
		9C9017F630280AC900C425F3 /* GhostPosterTests */ = {
			isa = PBXFileSystemSynchronizedRootGroup;
			path = GhostPosterTests;
			sourceTree = "<group>";
		};
		9C90180030280AC900C425F3 /* GhostPosterUITests */ = {
			isa = PBXFileSystemSynchronizedRootGroup;
			path = GhostPosterUITests;
			sourceTree = "<group>";
		};
/* End PBXFileSystemSynchronizedRootGroup section */

/* Begin PBXFrameworksBuildPhase section */
		9C9017E330280AC900C425F3 /* Frameworks */ = {
			isa = PBXFrameworksBuildPhase;
			buildActionMask = 2147483647;
			files = (
				A10000000000000000000001 /* Guide01SDK in Frameworks */,
			);
			runOnlyForDeploymentPostprocessing = 0;
		};
		9C9017F030280AC900C425F3 /* Frameworks */ = {
			isa = PBXFrameworksBuildPhase;
			buildActionMask = 2147483647;
			files = (
			);
			runOnlyForDeploymentPostprocessing = 0;
		};
		9C9017FA30280AC900C425F3 /* Frameworks */ = {
			isa = PBXFrameworksBuildPhase;
			buildActionMask = 2147483647;
			files = (
			);
			runOnlyForDeploymentPostprocessing = 0;
		};
/* End PBXFrameworksBuildPhase section */

/* Begin PBXGroup section */
		9C9017DD30280AC800C425F3 = {
			isa = PBXGroup;
			children = (
				9C9017E830280AC900C425F3 /* GhostPoster */,
				9C9017F630280AC900C425F3 /* GhostPosterTests */,
				9C90180030280AC900C425F3 /* GhostPosterUITests */,
				9C9017E730280AC900C425F3 /* Products */,
			);
			sourceTree = "<group>";
		};
		9C9017E730280AC900C425F3 /* Products */ = {
			isa = PBXGroup;
			children = (
				9C9017E630280AC900C425F3 /* GhostPoster.app */,
				9C9017F330280AC900C425F3 /* GhostPosterTests.xctest */,
				9C9017FD30280AC900C425F3 /* GhostPosterUITests.xctest */,
			);
			name = Products;
			sourceTree = "<group>";
		};
/* End PBXGroup section */

/* Begin PBXNativeTarget section */
		9C9017E530280AC900C425F3 /* GhostPoster */ = {
			isa = PBXNativeTarget;
			buildConfigurationList = 9C90180730280AC900C425F3 /* Build configuration list for PBXNativeTarget "GhostPoster" */;
			buildPhases = (
				9C9017E230280AC900C425F3 /* Sources */,
				9C9017E330280AC900C425F3 /* Frameworks */,
				9C9017E430280AC900C425F3 /* Resources */,
			);
			buildRules = (
			);
			dependencies = (
			);
			fileSystemSynchronizedGroups = (
				9C9017E830280AC900C425F3 /* GhostPoster */,
			);
			name = GhostPoster;
			packageProductDependencies = (
				A10000000000000000000004 /* Guide01SDK */,
			);
			productName = GhostPoster;
			productReference = 9C9017E630280AC900C425F3 /* GhostPoster.app */;
			productType = "com.apple.product-type.application";
		};
		9C9017F230280AC900C425F3 /* GhostPosterTests */ = {
			isa = PBXNativeTarget;
			buildConfigurationList = 9C90180A30280AC900C425F3 /* Build configuration list for PBXNativeTarget "GhostPosterTests" */;
			buildPhases = (
				9C9017EF30280AC900C425F3 /* Sources */,
				9C9017F030280AC900C425F3 /* Frameworks */,
				9C9017F130280AC900C425F3 /* Resources */,
			);
			buildRules = (
			);
			dependencies = (
				9C9017F530280AC900C425F3 /* PBXTargetDependency */,
			);
			fileSystemSynchronizedGroups = (
				9C9017F630280AC900C425F3 /* GhostPosterTests */,
			);
			name = GhostPosterTests;
			packageProductDependencies = (
			);
			productName = GhostPosterTests;
			productReference = 9C9017F330280AC900C425F3 /* GhostPosterTests.xctest */;
			productType = "com.apple.product-type.bundle.unit-test";
		};
		9C9017FC30280AC900C425F3 /* GhostPosterUITests */ = {
			isa = PBXNativeTarget;
			buildConfigurationList = 9C90180D30280AC900C425F3 /* Build configuration list for PBXNativeTarget "GhostPosterUITests" */;
			buildPhases = (
				9C9017F930280AC900C425F3 /* Sources */,
				9C9017FA30280AC900C425F3 /* Frameworks */,
				9C9017FB30280AC900C425F3 /* Resources */,
			);
			buildRules = (
			);
			dependencies = (
				9C9017FF30280AC900C425F3 /* PBXTargetDependency */,
			);
			fileSystemSynchronizedGroups = (
				9C90180030280AC900C425F3 /* GhostPosterUITests */,
			);
			name = GhostPosterUITests;
			packageProductDependencies = (
			);
			productName = GhostPosterUITests;
			productReference = 9C9017FD30280AC900C425F3 /* GhostPosterUITests.xctest */;
			productType = "com.apple.product-type.bundle.ui-testing";
		};
/* End PBXNativeTarget section */

/* Begin PBXProject section */
		9C9017DE30280AC800C425F3 /* Project object */ = {
			isa = PBXProject;
			attributes = {
				BuildIndependentTargetsInParallel = 1;
				LastSwiftUpdateCheck = 2660;
				LastUpgradeCheck = 2660;
				TargetAttributes = {
					9C9017E530280AC900C425F3 = {
						CreatedOnToolsVersion = 26.6;
					};
					9C9017F230280AC900C425F3 = {
						CreatedOnToolsVersion = 26.6;
						TestTargetID = 9C9017E530280AC900C425F3;
					};
					9C9017FC30280AC900C425F3 = {
						CreatedOnToolsVersion = 26.6;
						TestTargetID = 9C9017E530280AC900C425F3;
					};
				};
			};
			buildConfigurationList = 9C9017E130280AC800C425F3 /* Build configuration list for PBXProject "GhostPoster" */;
			developmentRegion = en;
			hasScannedForEncodings = 0;
			knownRegions = (
				en,
				Base,
			);
			mainGroup = 9C9017DD30280AC800C425F3;
			minimizedProjectReferenceProxies = 1;
			preferredProjectObjectVersion = 77;
			productRefGroup = 9C9017E730280AC900C425F3 /* Products */;
			packageReferences = (
				A10000000000000000000003 /* XCLocalSwiftPackageReference "Vendor/Guide01/ios/Guide01SDK" */,
			);
			projectDirPath = "";
			projectRoot = "";
			targets = (
				9C9017E530280AC900C425F3 /* GhostPoster */,
				9C9017F230280AC900C425F3 /* GhostPosterTests */,
				9C9017FC30280AC900C425F3 /* GhostPosterUITests */,
			);
		};
/* End PBXProject section */

/* Begin PBXResourcesBuildPhase section */
		9C9017E430280AC900C425F3 /* Resources */ = {
			isa = PBXResourcesBuildPhase;
			buildActionMask = 2147483647;
			files = (
			);
			runOnlyForDeploymentPostprocessing = 0;
		};
		9C9017F130280AC900C425F3 /* Resources */ = {
			isa = PBXResourcesBuildPhase;
			buildActionMask = 2147483647;
			files = (
			);
			runOnlyForDeploymentPostprocessing = 0;
		};
		9C9017FB30280AC900C425F3 /* Resources */ = {
			isa = PBXResourcesBuildPhase;
			buildActionMask = 2147483647;
			files = (
			);
			runOnlyForDeploymentPostprocessing = 0;
		};
/* End PBXResourcesBuildPhase section */

/* Begin PBXSourcesBuildPhase section */
		9C9017E230280AC900C425F3 /* Sources */ = {
			isa = PBXSourcesBuildPhase;
			buildActionMask = 2147483647;
			files = (
			);
			runOnlyForDeploymentPostprocessing = 0;
		};
		9C9017EF30280AC900C425F3 /* Sources */ = {
			isa = PBXSourcesBuildPhase;
			buildActionMask = 2147483647;
			files = (
			);
			runOnlyForDeploymentPostprocessing = 0;
		};
		9C9017F930280AC900C425F3 /* Sources */ = {
			isa = PBXSourcesBuildPhase;
			buildActionMask = 2147483647;
			files = (
			);
			runOnlyForDeploymentPostprocessing = 0;
		};
/* End PBXSourcesBuildPhase section */

/* Begin PBXTargetDependency section */
		9C9017F530280AC900C425F3 /* PBXTargetDependency */ = {
			isa = PBXTargetDependency;
			target = 9C9017E530280AC900C425F3 /* GhostPoster */;
			targetProxy = 9C9017F430280AC900C425F3 /* PBXContainerItemProxy */;
		};
		9C9017FF30280AC900C425F3 /* PBXTargetDependency */ = {
			isa = PBXTargetDependency;
			target = 9C9017E530280AC900C425F3 /* GhostPoster */;
			targetProxy = 9C9017FE30280AC900C425F3 /* PBXContainerItemProxy */;
		};
/* End PBXTargetDependency section */

/* Begin XCBuildConfiguration section */
		9C90180530280AC900C425F3 /* Debug */ = {
			isa = XCBuildConfiguration;
			buildSettings = {
				ALWAYS_SEARCH_USER_PATHS = NO;
				ASSETCATALOG_COMPILER_GENERATE_SWIFT_ASSET_SYMBOL_EXTENSIONS = YES;
				CLANG_ANALYZER_NONNULL = YES;
				CLANG_ANALYZER_NUMBER_OBJECT_CONVERSION = YES_AGGRESSIVE;
				CLANG_CXX_LANGUAGE_STANDARD = "gnu++20";
				CLANG_ENABLE_MODULES = YES;
				CLANG_ENABLE_OBJC_ARC = YES;
				CLANG_ENABLE_OBJC_WEAK = YES;
				CLANG_WARN_BLOCK_CAPTURE_AUTORELEASING = YES;
				CLANG_WARN_BOOL_CONVERSION = YES;
				CLANG_WARN_COMMA = YES;
				CLANG_WARN_CONSTANT_CONVERSION = YES;
				CLANG_WARN_DEPRECATED_OBJC_IMPLEMENTATIONS = YES;
				CLANG_WARN_DIRECT_OBJC_ISA_USAGE = YES_ERROR;
				CLANG_WARN_DOCUMENTATION_COMMENTS = YES;
				CLANG_WARN_EMPTY_BODY = YES;
				CLANG_WARN_ENUM_CONVERSION = YES;
				CLANG_WARN_INFINITE_RECURSION = YES;
				CLANG_WARN_INT_CONVERSION = YES;
				CLANG_WARN_NON_LITERAL_NULL_CONVERSION = YES;
				CLANG_WARN_OBJC_IMPLICIT_RETAIN_SELF = YES;
				CLANG_WARN_OBJC_LITERAL_CONVERSION = YES;
				CLANG_WARN_OBJC_ROOT_CLASS = YES_ERROR;
				CLANG_WARN_QUOTED_INCLUDE_IN_FRAMEWORK_HEADER = YES;
				CLANG_WARN_RANGE_LOOP_ANALYSIS = YES;
				CLANG_WARN_STRICT_PROTOTYPES = YES;
				CLANG_WARN_SUSPICIOUS_MOVE = YES;
				CLANG_WARN_UNGUARDED_AVAILABILITY = YES_AGGRESSIVE;
				CLANG_WARN_UNREACHABLE_CODE = YES;
				CLANG_WARN__DUPLICATE_METHOD_MATCH = YES;
				COPY_PHASE_STRIP = NO;
				DEBUG_INFORMATION_FORMAT = dwarf;
				DEVELOPMENT_TEAM = "";
				ENABLE_STRICT_OBJC_MSGSEND = YES;
				ENABLE_TESTABILITY = YES;
				ENABLE_USER_SCRIPT_SANDBOXING = YES;
				GCC_C_LANGUAGE_STANDARD = gnu17;
				GCC_DYNAMIC_NO_PIC = NO;
				GCC_NO_COMMON_BLOCKS = YES;
				GCC_OPTIMIZATION_LEVEL = 0;
				GCC_PREPROCESSOR_DEFINITIONS = (
					"DEBUG=1",
					"$(inherited)",
				);
				GCC_WARN_64_TO_32_BIT_CONVERSION = YES;
				GCC_WARN_ABOUT_RETURN_TYPE = YES_ERROR;
				GCC_WARN_UNDECLARED_SELECTOR = YES;
				GCC_WARN_UNINITIALIZED_AUTOS = YES_AGGRESSIVE;
				GCC_WARN_UNUSED_FUNCTION = YES;
				GCC_WARN_UNUSED_VARIABLE = YES;
				IPHONEOS_DEPLOYMENT_TARGET = 26.5;
				LOCALIZATION_PREFERS_STRING_CATALOGS = YES;
				MTL_ENABLE_DEBUG_INFO = INCLUDE_SOURCE;
				MTL_FAST_MATH = YES;
				ONLY_ACTIVE_ARCH = YES;
				SDKROOT = iphoneos;
				SWIFT_ACTIVE_COMPILATION_CONDITIONS = "DEBUG $(inherited)";
				SWIFT_OPTIMIZATION_LEVEL = "-Onone";
			};
			name = Debug;
		};
		9C90180630280AC900C425F3 /* Release */ = {
			isa = XCBuildConfiguration;
			buildSettings = {
				ALWAYS_SEARCH_USER_PATHS = NO;
				ASSETCATALOG_COMPILER_GENERATE_SWIFT_ASSET_SYMBOL_EXTENSIONS = YES;
				CLANG_ANALYZER_NONNULL = YES;
				CLANG_ANALYZER_NUMBER_OBJECT_CONVERSION = YES_AGGRESSIVE;
				CLANG_CXX_LANGUAGE_STANDARD = "gnu++20";
				CLANG_ENABLE_MODULES = YES;
				CLANG_ENABLE_OBJC_ARC = YES;
				CLANG_ENABLE_OBJC_WEAK = YES;
				CLANG_WARN_BLOCK_CAPTURE_AUTORELEASING = YES;
				CLANG_WARN_BOOL_CONVERSION = YES;
				CLANG_WARN_COMMA = YES;
				CLANG_WARN_CONSTANT_CONVERSION = YES;
				CLANG_WARN_DEPRECATED_OBJC_IMPLEMENTATIONS = YES;
				CLANG_WARN_DIRECT_OBJC_ISA_USAGE = YES_ERROR;
				CLANG_WARN_DOCUMENTATION_COMMENTS = YES;
				CLANG_WARN_EMPTY_BODY = YES;
				CLANG_WARN_ENUM_CONVERSION = YES;
				CLANG_WARN_INFINITE_RECURSION = YES;
				CLANG_WARN_INT_CONVERSION = YES;
				CLANG_WARN_NON_LITERAL_NULL_CONVERSION = YES;
				CLANG_WARN_OBJC_IMPLICIT_RETAIN_SELF = YES;
				CLANG_WARN_OBJC_LITERAL_CONVERSION = YES;
				CLANG_WARN_OBJC_ROOT_CLASS = YES_ERROR;
				CLANG_WARN_QUOTED_INCLUDE_IN_FRAMEWORK_HEADER = YES;
				CLANG_WARN_RANGE_LOOP_ANALYSIS = YES;
				CLANG_WARN_STRICT_PROTOTYPES = YES;
				CLANG_WARN_SUSPICIOUS_MOVE = YES;
				CLANG_WARN_UNGUARDED_AVAILABILITY = YES_AGGRESSIVE;
				CLANG_WARN_UNREACHABLE_CODE = YES;
				CLANG_WARN__DUPLICATE_METHOD_MATCH = YES;
				COPY_PHASE_STRIP = NO;
				DEBUG_INFORMATION_FORMAT = "dwarf-with-dsym";
				DEVELOPMENT_TEAM = "";
				ENABLE_NS_ASSERTIONS = NO;
				ENABLE_STRICT_OBJC_MSGSEND = YES;
				ENABLE_USER_SCRIPT_SANDBOXING = YES;
				GCC_C_LANGUAGE_STANDARD = gnu17;
				GCC_NO_COMMON_BLOCKS = YES;
				GCC_WARN_64_TO_32_BIT_CONVERSION = YES;
				GCC_WARN_ABOUT_RETURN_TYPE = YES_ERROR;
				GCC_WARN_UNDECLARED_SELECTOR = YES;
				GCC_WARN_UNINITIALIZED_AUTOS = YES_AGGRESSIVE;
				GCC_WARN_UNUSED_FUNCTION = YES;
				GCC_WARN_UNUSED_VARIABLE = YES;
				IPHONEOS_DEPLOYMENT_TARGET = 26.5;
				LOCALIZATION_PREFERS_STRING_CATALOGS = YES;
				MTL_ENABLE_DEBUG_INFO = NO;
				MTL_FAST_MATH = YES;
				SDKROOT = iphoneos;
				SWIFT_COMPILATION_MODE = wholemodule;
				VALIDATE_PRODUCT = YES;
			};
			name = Release;
		};
		9C90180830280AC900C425F3 /* Debug */ = {
			isa = XCBuildConfiguration;
			buildSettings = {
				ASSETCATALOG_COMPILER_APPICON_NAME = AppIcon;
				ASSETCATALOG_COMPILER_GLOBAL_ACCENT_COLOR_NAME = AccentColor;
				CODE_SIGN_STYLE = Automatic;
				CURRENT_PROJECT_VERSION = 1;
				DEVELOPMENT_TEAM = "";
				ENABLE_PREVIEWS = YES;
				GENERATE_INFOPLIST_FILE = YES;
				INFOPLIST_KEY_CFBundleDisplayName = "ゴーストポスター";
				INFOPLIST_KEY_CFBundleSpokenName = "ゴーストポスター";
				INFOPLIST_KEY_LSApplicationCategoryType = "";
				INFOPLIST_KEY_NSMicrophoneUsageDescription = "ハンズフリー投稿と音声入力にマイクを使用します。";
				INFOPLIST_KEY_NSBluetoothAlwaysUsageDescription = "ハンズフリー投稿の状態をGUIDE01へ表示するためBluetoothを使用します。";
				INFOPLIST_KEY_NSSpeechRecognitionUsageDescription = "話したタイトルや本文を文字に変換するため音声認識を使用します。";
				INFOPLIST_KEY_UIApplicationSceneManifest_Generation = YES;
				INFOPLIST_KEY_UIApplicationSupportsIndirectInputEvents = YES;
				INFOPLIST_KEY_UILaunchScreen_Generation = YES;
				INFOPLIST_KEY_UISupportedInterfaceOrientations_iPad = "UIInterfaceOrientationPortrait UIInterfaceOrientationPortraitUpsideDown UIInterfaceOrientationLandscapeLeft UIInterfaceOrientationLandscapeRight";
				INFOPLIST_KEY_UISupportedInterfaceOrientations_iPhone = "UIInterfaceOrientationPortrait UIInterfaceOrientationLandscapeLeft UIInterfaceOrientationLandscapeRight";
				LD_RUNPATH_SEARCH_PATHS = (
					"$(inherited)",
					"@executable_path/Frameworks",
				);
				MARKETING_VERSION = 1.0;
				PRODUCT_BUNDLE_IDENTIFIER = com.example.GhostPoster;
				PRODUCT_NAME = "$(TARGET_NAME)";
				STRING_CATALOG_GENERATE_SYMBOLS = YES;
				SWIFT_APPROACHABLE_CONCURRENCY = YES;
				SWIFT_DEFAULT_ACTOR_ISOLATION = MainActor;
				SWIFT_EMIT_LOC_STRINGS = YES;
				SWIFT_UPCOMING_FEATURE_MEMBER_IMPORT_VISIBILITY = YES;
				SWIFT_VERSION = 5.0;
				TARGETED_DEVICE_FAMILY = "1,2";
			};
			name = Debug;
		};
		9C90180930280AC900C425F3 /* Release */ = {
			isa = XCBuildConfiguration;
			buildSettings = {
				ASSETCATALOG_COMPILER_APPICON_NAME = AppIcon;
				ASSETCATALOG_COMPILER_GLOBAL_ACCENT_COLOR_NAME = AccentColor;
				CODE_SIGN_STYLE = Automatic;
				CURRENT_PROJECT_VERSION = 1;
				DEVELOPMENT_TEAM = "";
				ENABLE_PREVIEWS = YES;
				GENERATE_INFOPLIST_FILE = YES;
				INFOPLIST_KEY_CFBundleDisplayName = "ゴーストポスター";
				INFOPLIST_KEY_CFBundleSpokenName = "ゴーストポスター";
				INFOPLIST_KEY_LSApplicationCategoryType = "";
				INFOPLIST_KEY_NSMicrophoneUsageDescription = "ハンズフリー投稿と音声入力にマイクを使用します。";
				INFOPLIST_KEY_NSBluetoothAlwaysUsageDescription = "ハンズフリー投稿の状態をGUIDE01へ表示するためBluetoothを使用します。";
				INFOPLIST_KEY_NSSpeechRecognitionUsageDescription = "話したタイトルや本文を文字に変換するため音声認識を使用します。";
				INFOPLIST_KEY_UIApplicationSceneManifest_Generation = YES;
				INFOPLIST_KEY_UIApplicationSupportsIndirectInputEvents = YES;
				INFOPLIST_KEY_UILaunchScreen_Generation = YES;
				INFOPLIST_KEY_UISupportedInterfaceOrientations_iPad = "UIInterfaceOrientationPortrait UIInterfaceOrientationPortraitUpsideDown UIInterfaceOrientationLandscapeLeft UIInterfaceOrientationLandscapeRight";
				INFOPLIST_KEY_UISupportedInterfaceOrientations_iPhone = "UIInterfaceOrientationPortrait UIInterfaceOrientationLandscapeLeft UIInterfaceOrientationLandscapeRight";
				LD_RUNPATH_SEARCH_PATHS = (
					"$(inherited)",
					"@executable_path/Frameworks",
				);
				MARKETING_VERSION = 1.0;
				PRODUCT_BUNDLE_IDENTIFIER = com.example.GhostPoster;
				PRODUCT_NAME = "$(TARGET_NAME)";
				STRING_CATALOG_GENERATE_SYMBOLS = YES;
				SWIFT_APPROACHABLE_CONCURRENCY = YES;
				SWIFT_DEFAULT_ACTOR_ISOLATION = MainActor;
				SWIFT_EMIT_LOC_STRINGS = YES;
				SWIFT_UPCOMING_FEATURE_MEMBER_IMPORT_VISIBILITY = YES;
				SWIFT_VERSION = 5.0;
				TARGETED_DEVICE_FAMILY = "1,2";
			};
			name = Release;
		};
		9C90180B30280AC900C425F3 /* Debug */ = {
			isa = XCBuildConfiguration;
			buildSettings = {
				BUNDLE_LOADER = "$(TEST_HOST)";
				CODE_SIGN_STYLE = Automatic;
				CURRENT_PROJECT_VERSION = 1;
				DEVELOPMENT_TEAM = "";
				GENERATE_INFOPLIST_FILE = YES;
				IPHONEOS_DEPLOYMENT_TARGET = 26.5;
				MARKETING_VERSION = 1.0;
				PRODUCT_BUNDLE_IDENTIFIER = com.example.GhostPosterTests;
				PRODUCT_NAME = "$(TARGET_NAME)";
				STRING_CATALOG_GENERATE_SYMBOLS = NO;
				SWIFT_APPROACHABLE_CONCURRENCY = YES;
				SWIFT_EMIT_LOC_STRINGS = NO;
				SWIFT_UPCOMING_FEATURE_MEMBER_IMPORT_VISIBILITY = YES;
				SWIFT_VERSION = 5.0;
				TARGETED_DEVICE_FAMILY = "1,2";
				TEST_HOST = "$(BUILT_PRODUCTS_DIR)/GhostPoster.app/$(BUNDLE_EXECUTABLE_FOLDER_PATH)/GhostPoster";
			};
			name = Debug;
		};
		9C90180C30280AC900C425F3 /* Release */ = {
			isa = XCBuildConfiguration;
			buildSettings = {
				BUNDLE_LOADER = "$(TEST_HOST)";
				CODE_SIGN_STYLE = Automatic;
				CURRENT_PROJECT_VERSION = 1;
				DEVELOPMENT_TEAM = "";
				GENERATE_INFOPLIST_FILE = YES;
				IPHONEOS_DEPLOYMENT_TARGET = 26.5;
				MARKETING_VERSION = 1.0;
				PRODUCT_BUNDLE_IDENTIFIER = com.example.GhostPosterTests;
				PRODUCT_NAME = "$(TARGET_NAME)";
				STRING_CATALOG_GENERATE_SYMBOLS = NO;
				SWIFT_APPROACHABLE_CONCURRENCY = YES;
				SWIFT_EMIT_LOC_STRINGS = NO;
				SWIFT_UPCOMING_FEATURE_MEMBER_IMPORT_VISIBILITY = YES;
				SWIFT_VERSION = 5.0;
				TARGETED_DEVICE_FAMILY = "1,2";
				TEST_HOST = "$(BUILT_PRODUCTS_DIR)/GhostPoster.app/$(BUNDLE_EXECUTABLE_FOLDER_PATH)/GhostPoster";
			};
			name = Release;
		};
		9C90180E30280AC900C425F3 /* Debug */ = {
			isa = XCBuildConfiguration;
			buildSettings = {
				CODE_SIGN_STYLE = Automatic;
				CURRENT_PROJECT_VERSION = 1;
				DEVELOPMENT_TEAM = "";
				GENERATE_INFOPLIST_FILE = YES;
				MARKETING_VERSION = 1.0;
				PRODUCT_BUNDLE_IDENTIFIER = com.example.GhostPosterUITests;
				PRODUCT_NAME = "$(TARGET_NAME)";
				STRING_CATALOG_GENERATE_SYMBOLS = NO;
				SWIFT_APPROACHABLE_CONCURRENCY = YES;
				SWIFT_EMIT_LOC_STRINGS = NO;
				SWIFT_UPCOMING_FEATURE_MEMBER_IMPORT_VISIBILITY = YES;
				SWIFT_VERSION = 5.0;
				TARGETED_DEVICE_FAMILY = "1,2";
				TEST_TARGET_NAME = GhostPoster;
			};
			name = Debug;
		};
		9C90180F30280AC900C425F3 /* Release */ = {
			isa = XCBuildConfiguration;
			buildSettings = {
				CODE_SIGN_STYLE = Automatic;
				CURRENT_PROJECT_VERSION = 1;
				DEVELOPMENT_TEAM = "";
				GENERATE_INFOPLIST_FILE = YES;
				MARKETING_VERSION = 1.0;
				PRODUCT_BUNDLE_IDENTIFIER = com.example.GhostPosterUITests;
				PRODUCT_NAME = "$(TARGET_NAME)";
				STRING_CATALOG_GENERATE_SYMBOLS = NO;
				SWIFT_APPROACHABLE_CONCURRENCY = YES;
				SWIFT_EMIT_LOC_STRINGS = NO;
				SWIFT_UPCOMING_FEATURE_MEMBER_IMPORT_VISIBILITY = YES;
				SWIFT_VERSION = 5.0;
				TARGETED_DEVICE_FAMILY = "1,2";
				TEST_TARGET_NAME = GhostPoster;
			};
			name = Release;
		};
/* End XCBuildConfiguration section */

/* Begin XCConfigurationList section */
		9C9017E130280AC800C425F3 /* Build configuration list for PBXProject "GhostPoster" */ = {
			isa = XCConfigurationList;
			buildConfigurations = (
				9C90180530280AC900C425F3 /* Debug */,
				9C90180630280AC900C425F3 /* Release */,
			);
			defaultConfigurationIsVisible = 0;
			defaultConfigurationName = Release;
		};
		9C90180730280AC900C425F3 /* Build configuration list for PBXNativeTarget "GhostPoster" */ = {
			isa = XCConfigurationList;
			buildConfigurations = (
				9C90180830280AC900C425F3 /* Debug */,
				9C90180930280AC900C425F3 /* Release */,
			);
			defaultConfigurationIsVisible = 0;
			defaultConfigurationName = Release;
		};
		9C90180A30280AC900C425F3 /* Build configuration list for PBXNativeTarget "GhostPosterTests" */ = {
			isa = XCConfigurationList;
			buildConfigurations = (
				9C90180B30280AC900C425F3 /* Debug */,
				9C90180C30280AC900C425F3 /* Release */,
			);
			defaultConfigurationIsVisible = 0;
			defaultConfigurationName = Release;
		};
		9C90180D30280AC900C425F3 /* Build configuration list for PBXNativeTarget "GhostPosterUITests" */ = {
			isa = XCConfigurationList;
			buildConfigurations = (
				9C90180E30280AC900C425F3 /* Debug */,
				9C90180F30280AC900C425F3 /* Release */,
			);
			defaultConfigurationIsVisible = 0;
			defaultConfigurationName = Release;
		};
/* End XCConfigurationList section */

/* Begin XCLocalSwiftPackageReference section */
		A10000000000000000000003 /* XCLocalSwiftPackageReference "Vendor/Guide01/ios/Guide01SDK" */ = {
			isa = XCLocalSwiftPackageReference;
			relativePath = Vendor/Guide01/ios/Guide01SDK;
		};
/* End XCLocalSwiftPackageReference section */

/* Begin XCSwiftPackageProductDependency section */
		A10000000000000000000004 /* Guide01SDK */ = {
			isa = XCSwiftPackageProductDependency;
			productName = Guide01SDK;
		};
/* End XCSwiftPackageProductDependency section */
	};
	rootObject = 9C9017DE30280AC800C425F3 /* Project object */;
}
